dependencies:
- name: gateway
  repository: file://../gateway
  version: 0.1.0
- name: governance
  repository: file://../governance
  version: 0.1.0
- name: security
  repository: file://../security
  version: 0.1.0
- name: tools-bi
  repository: file://../tools-bi
  version: 0.0.0-placeholder
- name: privacy
  repository: file://../privacy
  version: 0.0.0-placeholder
- name: data-foundation
  repository: file://../data-foundation
  version: 0.1.0
- name: platform-common
  repository: file://../platform-common
  version: 0.1.0
- name: control-plane
  repository: file://../control-plane
  version: 0.1.0
- name: webui
  repository: file://../webui
  version: 0.1.0
- name: infra-dev
  repository: file://../infra-dev
  version: 0.2.0
digest: sha256:96fc43415d254ebc38d5a11df46d4635d73d37e68398dbf4291d84c1f0a191c6
generated: "2026-06-23T11:54:03.176804+08:00"
